<?xml version="1.0" encoding="utf-8"?>
<Project ToolsVersion="4.0" xmlns="http://schemas.microsoft.com/developer/msbuild/2003">
  <ItemGroup>
    <Filter Include="Source Files">
      <UniqueIdentifier>{4FC737F1-C7A5-4376-A066-2A32D752A2FF}</UniqueIdentifier>
      <Extensions>cpp;c;cc;cxx;c++;cppm;ixx;def;odl;idl;hpj;bat;asm;asmx</Extensions>
    </Filter>
    <Filter Include="Header Files">
      <UniqueIdentifier>{93995380-89BD-4b04-88EB-625FBE52EBFB}</UniqueIdentifier>
      <Extensions>h;hh;hpp;hxx;h++;hm;inl;inc;ipp;xsd</Extensions>
    </Filter>
    <Filter Include="Resource Files">
      <UniqueIdentifier>{67DA6AB6-F800-4c08-8B7A-83BB121AAD01}</UniqueIdentifier>
      <Extensions>rc;ico;cur;bmp;dlg;rc2;rct;bin;rgs;gif;jpg;jpeg;jpe;resx;tiff;tif;png;wav;mfcribbon-ms</Extensions>
    </Filter>
    <Filter Include="Resource Files\Textures">
      <UniqueIdentifier>{47385c03-849f-437a-83a9-3f3326d52926}</UniqueIdentifier>
    </Filter>
    <Filter Include="Resource Files\shaders">
      <UniqueIdentifier>{0c7533f0-b11f-4527-9d83-1f6f408d5ee4}</UniqueIdentifier>
    </Filter>
    <Filter Include="Source Files\helpers">
      <UniqueIdentifier>{ff039ad6-9186-435b-920b-a0ecf8f1e1b6}</UniqueIdentifier>
    </Filter>
    <Filter Include="Source Files\helpers\donot">
      <UniqueIdentifier>{db8843b3-ec14-447a-9c44-dd28d356333e}</UniqueIdentifier>
    </Filter>
    <Filter Include="Source Files\mains">
      <UniqueIdentifier>{7a243dcf-1057-49cb-98a5-6032ab6f4048}</UniqueIdentifier>
    </Filter>
    <Filter Include="Source Files\mains\main">
      <UniqueIdentifier>{4a6644e2-c2b4-466f-bc3a-e1f04b239f3a}</UniqueIdentifier>
    </Filter>
  </ItemGroup>
  <ItemGroup>
    <ClCompile Include="camera.cpp">
      <Filter>Source Files\helpers</Filter>
    </ClCompile>
    <ClCompile Include="EBO.cpp">
      <Filter>Source Files\helpers</Filter>
    </ClCompile>
    <ClCompile Include="textureClass.cpp">
      <Filter>Source Files\helpers</Filter>
    </ClCompile>
    <ClCompile Include="VAO.cpp">
      <Filter>Source Files\helpers</Filter>
    </ClCompile>
    <ClCompile Include="VBO.cpp">
      <Filter>Source Files\helpers</Filter>
    </ClCompile>
    <ClCompile Include="shaderclass.cpp">
      <Filter>Source Files\helpers</Filter>
    </ClCompile>
    <ClCompile Include="glad.c">
      <Filter>Source Files\helpers\donot</Filter>
    </ClCompile>
    <ClCompile Include="stb.cpp">
      <Filter>Source Files\helpers\donot</Filter>
    </ClCompile>
    <ClCompile Include="lighting.cpp">
      <Filter>Source Files\mains</Filter>
    </ClCompile>
    <ClCompile Include="Main.cpp">
      <Filter>Source Files\mains\main</Filter>
    </ClCompile>
    <ClCompile Include="multiLight.cpp">
      <Filter>Source Files\mains</Filter>
    </ClCompile>
    <ClCompile Include="specMap.cpp">
      <Filter>Source Files\mains</Filter>
    </ClCompile>
    <ClCompile Include="movingLight.cpp">
      <Filter>Source Files\mains</Filter>
    </ClCompile>
    <ClCompile Include="TypeOFlight.cpp">
      <Filter>Source Files\mains</Filter>
    </ClCompile>
  </ItemGroup>
  <ItemGroup>
    <ClInclude Include="shaderClass.h">
      <Filter>Header Files</Filter>
    </ClInclude>
    <ClInclude Include="EBO.h">
      <Filter>Header Files</Filter>
    </ClInclude>
    <ClInclude Include="VAO.h">
      <Filter>Header Files</Filter>
    </ClInclude>
    <ClInclude Include="VBO.h">
      <Filter>Header Files</Filter>
    </ClInclude>
    <ClInclude Include="dependency.h">
      <Filter>Header Files</Filter>
    </ClInclude>
    <ClInclude Include="texture.h">
      <Filter>Header Files</Filter>
    </ClInclude>
    <ClInclude Include="camera.h">
      <Filter>Header Files</Filter>
    </ClInclude>
  </ItemGroup>
  <ItemGroup>
    <None Include="default.vert">
      <Filter>Resource Files\shaders</Filter>
    </None>
    <None Include="default.frag">
      <Filter>Resource Files\shaders</Filter>
    </None>
    <None Include="light.vert">
      <Filter>Resource Files\shaders</Filter>
    </None>
    <None Include="light.frag">
      <Filter>Resource Files\shaders</Filter>
    </None>
    <None Include="multiLight.vert">
      <Filter>Resource Files\shaders</Filter>
    </None>
    <None Include="multiLight.frag">
      <Filter>Resource Files\shaders</Filter>
    </None>
    <None Include="specMAP.frag">
      <Filter>Resource Files\shaders</Filter>
    </None>
    <None Include="diffLights.frag">
      <Filter>Resource Files\shaders</Filter>
    </None>
  </ItemGroup>
  <ItemGroup>
    <Image Include="TEX.jpeg">
      <Filter>Resource Files\Textures</Filter>
    </Image>
    <Image Include="awesomeface.png">
      <Filter>Resource Files\Textures</Filter>
    </Image>
    <Image Include="C:\Users\akhil\Downloads\brick.png">
      <Filter>Resource Files\Textures</Filter>
    </Image>
    <Image Include="planksSpec.png">
      <Filter>Resource Files\Textures</Filter>
    </Image>
    <Image Include="planks.png">
      <Filter>Resource Files\Textures</Filter>
    </Image>
  </ItemGroup>
</Project>